{
    "_meta": {
        "hash": {
            "sha256": "6a2328e3d2900cc989af441a030a9cc84d72abb63ff50902567bf533589d8843"
        },
        "pipfile-spec": 6,
        "requires": {
            "python_version": "3.10"
        },
        "sources": [
            {
                "name": "pypi",
                "url": "https://pypi.org/simple",
                "verify_ssl": true
            }
        ]
    },
    "default": {
        "astroid": {
            "hashes": [
                "sha256:7d5895c9825e18079c5aeac0572bc2e4c83205c95d416e0b4fee8bc361d2d9ca",
                "sha256:86b0bb7d7da0be1a7c4aedb7974e391b32d4ed89e33de6ed6902b4b15c97577e"
            ],
            "markers": "python_full_version >= '3.8.0'",
            "version": "==3.0.1"
        },
        "black": {
            "hashes": [
                "sha256:250d7e60f323fcfc8ea6c800d5eba12f7967400eb6c2d21ae85ad31c204fb1f4",
                "sha256:2a9acad1451632021ee0d146c8765782a0c3846e0e0ea46659d7c4f89d9b212b",
                "sha256:412f56bab20ac85927f3a959230331de5614aecda1ede14b373083f62ec24e6f",
                "sha256:421f3e44aa67138ab1b9bfbc22ee3780b22fa5b291e4db8ab7eee95200726b07",
                "sha256:45aa1d4675964946e53ab81aeec7a37613c1cb71647b5394779e6efb79d6d187",
                "sha256:4c44b7211a3a0570cc097e81135faa5f261264f4dfaa22bd5ee2875a4e773bd6",
                "sha256:4c68855825ff432d197229846f971bc4d6666ce90492e5b02013bcaca4d9ab05",
                "sha256:5133f5507007ba08d8b7b263c7aa0f931af5ba88a29beacc4b2dc23fcefe9c06",
                "sha256:54caaa703227c6e0c87b76326d0862184729a69b73d3b7305b6288e1d830067e",
                "sha256:58e5f4d08a205b11800332920e285bd25e1a75c54953e05502052738fe16b3b5",
                "sha256:698c1e0d5c43354ec5d6f4d914d0d553a9ada56c85415700b81dc90125aac244",
                "sha256:6c1cac07e64433f646a9a838cdc00c9768b3c362805afc3fce341af0e6a9ae9f",
                "sha256:760415ccc20f9e8747084169110ef75d545f3b0932ee21368f63ac0fee86b221",
                "sha256:7f622b6822f02bfaf2a5cd31fdb7cd86fcf33dab6ced5185c35f5db98260b055",
                "sha256:cf57719e581cfd48c4efe28543fea3d139c6b6f1238b3f0102a9c73992cbb479",
                "sha256:d136ef5b418c81660ad847efe0e55c58c8208b77a57a28a503a5f345ccf01394",
                "sha256:dbea0bb8575c6b6303cc65017b46351dc5953eea5c0a59d7b7e3a2d2f433a911",
                "sha256:fc7f6a44d52747e65a02558e1d807c82df1d66ffa80a601862040a43ec2e3142"
            ],
            "index": "pypi",
            "version": "==23.11.0"
        },
        "click": {
            "hashes": [
                "sha256:ae74fb96c20a0277a1d615f1e4d73c8414f5a98db8b799a7931d1582f3390c28",
                "sha256:ca9853ad459e787e2192211578cc907e7594e294c7ccc834310722b41b9ca6de"
            ],
            "markers": "python_version >= '3.7'",
            "version": "==8.1.7"
        },
        "dill": {
            "hashes": [
                "sha256:76b122c08ef4ce2eedcd4d1abd8e641114bfc6c2867f49f3c41facf65bf19f5e",
                "sha256:cc1c8b182eb3013e24bd475ff2e9295af86c1a38eb1aff128dac8962a9ce3c03"
            ],
            "markers": "python_version < '3.11'",
            "version": "==0.3.7"
        },
        "dnspython": {
            "hashes": [
                "sha256:01d9bbc4a2d76bf0db7c1f729812ded6d912bd318d3b1cf81d30c0f845dbf3af",
                "sha256:181d3c6996452cb1189c4046c61599b84a5a86e099562ffde77d26984ff26d0f"
            ],
            "markers": "python_version >= '3.10'",
            "version": "==2.8.0"
        },
        "isort": {
            "hashes": [
                "sha256:8bef7dde241278824a6d83f44a544709b065191b95b6e50894bdc722fcba0504",
                "sha256:f84c2818376e66cf843d497486ea8fed8700b340f308f076c6fb1229dff318b6"
            ],
            "markers": "python_full_version >= '3.8.0'",
            "version": "==5.12.0"
        },
        "mccabe": {
            "hashes": [
                "sha256:348e0240c33b60bbdf4e523192ef919f28cb2c3d7d5c7794f74009290f236325",
                "sha256:6c2d30ab6be0e4a46919781807b4f0d834ebdd6c6e3dca0bda5a15f863427b6e"
            ],
            "markers": "python_version >= '3.6'",
            "version": "==0.7.0"
        },
        "mypy-extensions": {
            "hashes": [
                "sha256:4392f6c0eb8a5668a69e23d168ffa70f0be9ccfd32b5cc2d26a34ae5b844552d",
                "sha256:75dbf8955dc00442a438fc4d0666508a9a97b6bd41aa2f0ffe9d2f2725af0782"
            ],
            "markers": "python_version >= '3.5'",
            "version": "==1.0.0"
        },
        "packaging": {
            "hashes": [
                "sha256:048fb0e9405036518eaaf48a55953c750c11e1a1b68e0dd1a9d62ed0c092cfc5",
                "sha256:8c491190033a9af7e1d931d0b5dacc2ef47509b34dd0de67ed209b5203fc88c7"
            ],
            "markers": "python_version >= '3.7'",
            "version": "==23.2"
        },
        "pathspec": {
            "hashes": [
                "sha256:1d6ed233af05e679efb96b1851550ea95bbb64b7c490b0f5aa52996c11e92a20",
                "sha256:e0d8d0ac2f12da61956eb2306b69f9469b42f4deb0f3cb6ed47b9cce9996ced3"
            ],
            "markers": "python_version >= '3.7'",
            "version": "==0.11.2"
        },
        "platformdirs": {
            "hashes": [
                "sha256:118c954d7e949b35437270383a3f2531e99dd93cf7ce4dc8340d3356d30f173b",
                "sha256:cb633b2bcf10c51af60beb0ab06d2f1d69064b43abf4c185ca6b28865f3f9731"
            ],
            "markers": "python_version >= '3.7'",
            "version": "==4.0.0"
        },
        "pylint": {
            "hashes": [
                "sha256:0d4c286ef6d2f66c8bfb527a7f8a629009e42c99707dec821a03e1b51a4c1496",
                "sha256:60ed5f3a9ff8b61839ff0348b3624ceeb9e6c2a92c514d81c9cc273da3b6bcda"
            ],
            "index": "pypi",
            "version": "==3.0.2"
        },
        "pymongo": {
            "hashes": [
                "sha256:0255af7d5c23c5e8cb4d9bb12906b142acebab0472117e1d5e3a8e6e689781cb",
                "sha256:05e0f2ac285e24de802912908d64dfafca8bea5ab1718a88aab0f197b003dc28",
                "sha256:0bd8126a507afa8ce4b96976c8e28402d091c40b7d98e3b5987a371af059d9e7",
                "sha256:0cdab8a71f673b597dbe5cd610913525b59cba34835fc8c6ffb2b62f28028959",
                "sha256:0e12551e28007a341d15ebca5a024ef487edf304d612fba5efa1fd6b4d9a95a9",
                "sha256:111d7f65ccbde908546cb36d14e22f12a73a4de236fd056f41ed515d1365f134",
                "sha256:11840e9eb5a650ac190f2a3473631073daddbabdbb2779b6709dfddd3ba3b872",
                "sha256:1d21998fb9ccb3ea6d59a9f9971591b9efbcfbbe46350f7f8badef9b107707f3",
                "sha256:2096964b2b93607ed80a62ac6664396a826b7fe34e2b1eed3f20784681a17827",
                "sha256:20ffcd883b6e187ef878558d0ebf9f09cc46807b6520022592522d3cdd21022d",
                "sha256:22e286f5b9c13963bcaf9b9241846d388ac5022225a9e11c5364393a8cc3eb49",
                "sha256:263cfa2731a4bbafdce2cf06cd511eba8957bd601b3cad9b4723f2543d42c730",
                "sha256:2d921b84c681c5385a6f7ba2b5740cb583544205a00877aad04b5b12ab86ad26",
                "sha256:2e41d6650c1cd77a8e7556ad65133455f819f8c8cdce3e9cf4bbf14252b7d805",
                "sha256:2f811e93dbcba0c488518ceae7873a40a64b6ad273622a18923ef2442eaab55c",
                "sha256:39bb3c12c772241778f4d7bf74885782c8d68b309d3c69891fe39c729334adbd",
                "sha256:3fc347ea5eda6c3a7177c3a9e4e9b4e570a444a351effda4a898c2d352a1ccd1",
                "sha256:41e98a31e79d74e9d78bc1638b71c3a10a910eae7d3318e2ae8587c760931451",
                "sha256:44d95677aa23fe479bb531b393a4fad0210f808af52e4ab2b79c0b540c828957",
                "sha256:4ab4eef031e722a8027c338c3d71704a8c85c17c64625d61c6effdf8a893b971",
                "sha256:4ab985e61376ae5a04f162fb6bdddaffc7beec883ffbd9d84ea86a71be794d74",
                "sha256:4d1a1a0406acd000377f34ae91cdb501fa73601a2d071e4a661e0c862e1b166e",
                "sha256:4ea5dc8a0268ea2e12a6fcfc43bb8f3da969deed46734167238884cbb29c2598",
                "sha256:4eb3c2fea850104c41ce3f1f52f6a70f3d1a6998e9c63c197fcaab08c7c89e22",
                "sha256:4fd6ba610e5a54090c4055a15f38d19ad8bf11e6bbc5a173e945c755a16db455",
                "sha256:539f9fa5bb04a09fc2965cdcae3fc91d1c6a1f4f1965b34df377bc7119e3d7cd",
                "sha256:53bfcd8c11086a2457777cb4b1a6588d9dd6af77aeab47e04f2af02e3a077e59",
                "sha256:563e793ad87633e50ad43a8cd2c740fbb17fca4a4637185996575ddbe99960b8",
                "sha256:61b0863c7f9b460314db79b7f8541d3b490b453ece49afd56b611b214fc4b3b1",
                "sha256:649d24ce86f90a8c74897dba35e34c6b86e0d7d7381d7dc18cafbd06dc78fbc3",
                "sha256:67c3b84a2a0e1794b2fbfe22dc36711a03c6bc147d9d2e0f8072fabed7a65092",
                "sha256:68354a77cf78424d27216b1cb7c9b0f67da16aae855045279ba8d73bb61f5ad0",
                "sha256:68ea93e7d19d3aa3182a6e41ba68288b9b234a3b0a70b368feb95fff3f94413f",
                "sha256:6ba7cdf46f03f406f77969a8081cfb659af16c0eee26b79a0a14e25f6c00827b",
                "sha256:6f43326f36bc540b04f5a7f1aa8be40b112d7fc9f6e785ae3797cd72a804ffdd",
                "sha256:6ff080f23a12c943346e2bba76cf19c3d14fb3625956792aa22b69767bfb36de",
                "sha256:71a5ab372ebe4e05453bae86a008f6db98b5702df551219fb2f137c394d71c3a",
                "sha256:78bfe3917d0606b30a91b02ad954c588007f82e2abb2575ac2665259b051a753",
                "sha256:7df1fad859c61bdbe0e2a0dec8f5893729d99b4407b88568e0e542d25f383f57",
                "sha256:84c7c7624a1298295487d0dfd8dbec75d14db44c017b5087c7fe7d6996a96e3d",
                "sha256:94e50149fb9d982c234d0efa9c0eec4a04db7e82a412d3dae2c4f03a9926360e",
                "sha256:94f8e9ab6954899d60babe48418e41217dc510d6fa4305af7aabee244b2a9882",
                "sha256:990c4898787e706d0ab59141cf5085c981d89c3f86443cd6597939d9f25dd71d",
                "sha256:9c5710ed5f2af95315db0ee8ae02e9ff1e85e7b068c507d980bc24fe9d025257",
                "sha256:9f83e8895d42eb51d259694affa9607c4d56e1c784928ccbbac568dc20df86a8",
                "sha256:a1aac57614fb86a3fa707af3537c30eda5e7fd1be712c1f723296292ac057afe",
                "sha256:a9a90d556c2ef1572d2aef525ef19477a82d659d117eb3a51fa99e617d07dc44",
                "sha256:abfe72630190c0dc8f2222b02af7c4e5f72809d06b2ccb3f3ca83f6a7b60e302",
                "sha256:ad7ff0347e8306fc62f146bdad0635d9eec1d26e246c97c14dd1a189d3480e3f",
                "sha256:b2967bda6ccac75aefad26c4ef295f5054181d69928bb9d1159227d6771e8887",
                "sha256:b60fd8125f52efffd697490b6ccebc6e09d44069ad9c8795df0a684a9a8f4b3c",
                "sha256:b9e2f96e7e7a769a7804121c02f3290a39ca4d78a398bc56c6e024728d350897",
                "sha256:bd3c7945b8a5563aa3951db26ba534372fba4c781473f5d55ce6340b7523cb0f",
                "sha256:c1903c0966969cf3e7b30922956bd82eb09e6a3f3d7431a727d12f20104f66d3",
                "sha256:c4690e01d03773f7af21b1a8428029bd534c9fe467c6b594c591d8b992c0a975",
                "sha256:c689a5d057ef013612b5aa58e6bf52f7fdb186e22039f1a3719985b5d0399932",
                "sha256:c6c21b49c5e021d9ce02cac33525c722d4c6887f7cde19a5a9154f66cb845e84",
                "sha256:cdfa57760745387cde93615a48f622bf1eeae8ae28103a8a5100b9389eec22f9",
                "sha256:d18d89073b5e752391c237d2ee86ceec1e02a4ad764b3029f24419eedd12723e",
                "sha256:dd8c78c59fd7308239ef9bcafb7cd82f08cbc9466d1cfda22f9025c83468bf6d",
                "sha256:e1bf4e0689cc48e0cfa6aef17f107c298d8898de0c6e782ea5c98450ae93a62f",
                "sha256:e4c44bb6e781373915c56bc88f3b4849137869284e79c08a5b18f4c0d6adfd26",
                "sha256:e6216290982178208b962edc9ba7ebc41b11f276a148ac3b496fc41f86963707",
                "sha256:e799e2cba7fcad5ab29f678784f90b1792fcb6393d571ecbe4c47d2888af30f3",
                "sha256:e84c95b185dce012575adc74a18342a2581dc9bb939712125317e03d92148167",
                "sha256:e93828768470026099119295c68ed0dbc0a50022558be5e334f6dbda054f1d32",
                "sha256:edbff27a56a80b8fe5c0319200c44e63b1349bf20db27d9734ddcf23c0d72b35",
                "sha256:eee407bf1058a8f0d5b203028997b42ea6fc80a996537cc2886f89573bc0770f",
                "sha256:f0907b46df97b01911bf2e10ddbb23c2303629e482d81372031fd7f4313b9013",
                "sha256:f1d75f5b51304176631c12e5bf47eed021446669e5f99379b76fd2bd3929c1b4",
                "sha256:f53c83c3fd80fdb412ce4177d4f59b70b9bb1add6106877da044cf21e996316b"
            ],
            "index": "pypi",
            "markers": "python_version >= '3.9'",
            "version": "==4.15.4"
        },
        "tomli": {
            "hashes": [
                "sha256:939de3e7a6161af0c887ef91b7d41a53e7c5a1ca976325f429cb46ea9bc30ecc",
                "sha256:de526c12914f0c550d15924c62d72abc48d6fe7364aa87328337a31007fe8a4f"
            ],
            "markers": "python_version < '3.11'",
            "version": "==2.0.1"
        },
        "tomlkit": {
            "hashes": [
                "sha256:75baf5012d06501f07bee5bf8e801b9f343e7aac5a92581f20f80ce632e6b5a4",
                "sha256:b0a645a9156dc7cb5d3a1f0d4bab66db287fcb8e0430bdd4664a095ea16414ba"
            ],
            "markers": "python_version >= '3.7'",
            "version": "==0.12.3"
        },
        "typing-extensions": {
            "hashes": [
                "sha256:8f92fc8806f9a6b641eaa5318da32b44d401efaac0f6678c9bc448ba3605faa0",
                "sha256:df8e4339e9cb77357558cbdbceca33c303714cf861d1eef15e1070055ae8b7ef"
            ],
            "markers": "python_version < '3.11'",
            "version": "==4.8.0"
        }
    },
    "develop": {}
}
